
Microsoft Visual Studio Solution File, Format Version 12.00
# Visual Studio Version 17
VisualStudioVersion = 17.6.33723.286
MinimumVisualStudioVersion = 10.0.40219.1
Project("{9A19103F-16F7-4668-BE54-9A1E7A4F7556}") = "ShopApp.WebUI", "ShopApp.WebUI\ShopApp.WebUI.csproj", "{35B56524-BA3D-4DAB-B39B-B58A71C3C49F}"
EndProject
Project("{9A19103F-16F7-4668-BE54-9A1E7A4F7556}") = "shopapp.entity", "shopapp.entity\shopapp.entity.csproj", "{77140CD7-412F-432F-8B53-A8F961CAB9E4}"
EndProject
Project("{9A19103F-16F7-4668-BE54-9A1E7A4F7556}") = "shopapp.data", "shopapp.data\shopapp.data.csproj", "{02041C03-B69F-4B26-BAFF-C0040A4D0A9A}"
EndProject
Project("{9A19103F-16F7-4668-BE54-9A1E7A4F7556}") = "shopapp.business", "shopapp.business\shopapp.business.csproj", "{3467627F-F187-4727-B8CD-E5DF39E9638A}"
EndProject
Global
	GlobalSection(SolutionConfigurationPlatforms) = preSolution
		Debug|Any CPU = Debug|Any CPU
		Release|Any CPU = Release|Any CPU
	EndGlobalSection
	GlobalSection(ProjectConfigurationPlatforms) = postSolution
		{35B56524-BA3D-4DAB-B39B-B58A71C3C49F}.Debug|Any CPU.ActiveCfg = Debug|Any CPU
		{35B56524-BA3D-4DAB-B39B-B58A71C3C49F}.Debug|Any CPU.Build.0 = Debug|Any CPU
		{35B56524-BA3D-4DAB-B39B-B58A71C3C49F}.Release|Any CPU.ActiveCfg = Release|Any CPU
		{35B56524-BA3D-4DAB-B39B-B58A71C3C49F}.Release|Any CPU.Build.0 = Release|Any CPU
		{77140CD7-412F-432F-8B53-A8F961CAB9E4}.Debug|Any CPU.ActiveCfg = Debug|Any CPU
		{77140CD7-412F-432F-8B53-A8F961CAB9E4}.Debug|Any CPU.Build.0 = Debug|Any CPU
		{77140CD7-412F-432F-8B53-A8F961CAB9E4}.Release|Any CPU.ActiveCfg = Release|Any CPU
		{77140CD7-412F-432F-8B53-A8F961CAB9E4}.Release|Any CPU.Build.0 = Release|Any CPU
		{02041C03-B69F-4B26-BAFF-C0040A4D0A9A}.Debug|Any CPU.ActiveCfg = Debug|Any CPU
		{02041C03-B69F-4B26-BAFF-C0040A4D0A9A}.Debug|Any CPU.Build.0 = Debug|Any CPU
		{02041C03-B69F-4B26-BAFF-C0040A4D0A9A}.Release|Any CPU.ActiveCfg = Release|Any CPU
		{02041C03-B69F-4B26-BAFF-C0040A4D0A9A}.Release|Any CPU.Build.0 = Release|Any CPU
		{3467627F-F187-4727-B8CD-E5DF39E9638A}.Debug|Any CPU.ActiveCfg = Debug|Any CPU
		{3467627F-F187-4727-B8CD-E5DF39E9638A}.Debug|Any CPU.Build.0 = Debug|Any CPU
		{3467627F-F187-4727-B8CD-E5DF39E9638A}.Release|Any CPU.ActiveCfg = Release|Any CPU
		{3467627F-F187-4727-B8CD-E5DF39E9638A}.Release|Any CPU.Build.0 = Release|Any CPU
	EndGlobalSection
	GlobalSection(SolutionProperties) = preSolution
		HideSolutionNode = FALSE
	EndGlobalSection
	GlobalSection(ExtensibilityGlobals) = postSolution
		SolutionGuid = {5B6B9C0F-42C4-45E2-841B-2C28F9B46411}
	EndGlobalSection
EndGlobal
